
Microsoft Visual Studio Solution File, Format Version 12.00
# Visual Studio Version 17
VisualStudioVersion = 17.8.34511.84
MinimumVisualStudioVersion = 10.0.40219.1
Project("{FAE04EC0-301F-11D3-BF4B-00C04F79EFBC}") = "WAR NEVER CHANGES", "WAR NEVER CHANGES\WAR NEVER CHANGES.csproj", "{72CBCEFE-24CE-45A8-B539-0EB04A4D326C}"
EndProject
Global
	GlobalSection(SolutionConfigurationPlatforms) = preSolution
		Debug|Any CPU = Debug|Any CPU
		Release|Any CPU = Release|Any CPU
	EndGlobalSection
	GlobalSection(ProjectConfigurationPlatforms) = postSolution
		{72CBCEFE-24CE-45A8-B539-0EB04A4D326C}.Debug|Any CPU.ActiveCfg = Debug|Any CPU
		{72CBCEFE-24CE-45A8-B539-0EB04A4D326C}.Debug|Any CPU.Build.0 = Debug|Any CPU
		{72CBCEFE-24CE-45A8-B539-0EB04A4D326C}.Release|Any CPU.ActiveCfg = Release|Any CPU
		{72CBCEFE-24CE-45A8-B539-0EB04A4D326C}.Release|Any CPU.Build.0 = Release|Any CPU
	EndGlobalSection
	GlobalSection(SolutionProperties) = preSolution
		HideSolutionNode = FALSE
	EndGlobalSection
	GlobalSection(ExtensibilityGlobals) = postSolution
		SolutionGuid = {3539A2CF-5F3B-4E49-A40C-ACA660F8EFF4}
	EndGlobalSection
EndGlobal
